
Microsoft Visual Studio Solution File, Format Version 12.00
# Visual Studio 15
VisualStudioVersion = 15.0.28307.102
MinimumVisualStudioVersion = 10.0.40219.1
Project("{FAE04EC0-301F-11D3-BF4B-00C04F79EFBC}") = "DatabaseFirst", "DatabaseFirst\DatabaseFirst.csproj", "{AFC7C0F4-5855-4B8A-BB0F-40330713273D}"
EndProject
Global
	GlobalSection(SolutionConfigurationPlatforms) = preSolution
		Debug|Any CPU = Debug|Any CPU
		Release|Any CPU = Release|Any CPU
	EndGlobalSection
	GlobalSection(ProjectConfigurationPlatforms) = postSolution
		{AFC7C0F4-5855-4B8A-BB0F-40330713273D}.Debug|Any CPU.ActiveCfg = Debug|Any CPU
		{AFC7C0F4-5855-4B8A-BB0F-40330713273D}.Debug|Any CPU.Build.0 = Debug|Any CPU
		{AFC7C0F4-5855-4B8A-BB0F-40330713273D}.Release|Any CPU.ActiveCfg = Release|Any CPU
		{AFC7C0F4-5855-4B8A-BB0F-40330713273D}.Release|Any CPU.Build.0 = Release|Any CPU
	EndGlobalSection
	GlobalSection(SolutionProperties) = preSolution
		HideSolutionNode = FALSE
	EndGlobalSection
	GlobalSection(ExtensibilityGlobals) = postSolution
		SolutionGuid = {1EFE9394-2FC6-45F4-BB8B-D95B6428F4E9}
	EndGlobalSection
EndGlobal
